
Microsoft Visual Studio Solution File, Format Version 12.00
# Visual Studio Version 17
VisualStudioVersion = 17.0.31903.59
MinimumVisualStudioVersion = 10.0.40219.1
Project("{FAE04EC0-301F-11D3-BF4B-00C04F79EFBC}") = "Notifier-API", "Notifier-API\Notifier-API.csproj", "{8F7D167B-5BEE-461D-90D9-61C1A038759C}"
EndProject
Project("{FAE04EC0-301F-11D3-BF4B-00C04F79EFBC}") = "Notifier-API.Tests", "Notifier-API.Tests\Notifier-API.Tests.csproj", "{C7B7F1A1-4A4C-4D4F-8E16-1B1AE6B12C6C}"
EndProject
Project("{FAE04EC0-301F-11D3-BF4B-00C04F79EFBC}") = "Notifier-Desktop", "Notifier-Desktop\Notifier-Desktop.csproj", "{9D1FEC93-D7F1-4FA3-B93B-C3F65E61FB1F}"
EndProject
Global
	GlobalSection(SolutionConfigurationPlatforms) = preSolution
		Debug|Any CPU = Debug|Any CPU
		Debug|x64 = Debug|x64
		Debug|x86 = Debug|x86
		Release|Any CPU = Release|Any CPU
		Release|x64 = Release|x64
		Release|x86 = Release|x86
	EndGlobalSection
	GlobalSection(ProjectConfigurationPlatforms) = postSolution
		{8F7D167B-5BEE-461D-90D9-61C1A038759C}.Debug|Any CPU.ActiveCfg = Debug|Any CPU
		{8F7D167B-5BEE-461D-90D9-61C1A038759C}.Debug|Any CPU.Build.0 = Debug|Any CPU
		{8F7D167B-5BEE-461D-90D9-61C1A038759C}.Debug|x64.ActiveCfg = Debug|Any CPU
		{8F7D167B-5BEE-461D-90D9-61C1A038759C}.Debug|x64.Build.0 = Debug|Any CPU
		{8F7D167B-5BEE-461D-90D9-61C1A038759C}.Debug|x86.ActiveCfg = Debug|Any CPU
		{8F7D167B-5BEE-461D-90D9-61C1A038759C}.Debug|x86.Build.0 = Debug|Any CPU
		{8F7D167B-5BEE-461D-90D9-61C1A038759C}.Release|Any CPU.ActiveCfg = Release|Any CPU
		{8F7D167B-5BEE-461D-90D9-61C1A038759C}.Release|Any CPU.Build.0 = Release|Any CPU
		{8F7D167B-5BEE-461D-90D9-61C1A038759C}.Release|x64.ActiveCfg = Release|Any CPU
		{8F7D167B-5BEE-461D-90D9-61C1A038759C}.Release|x64.Build.0 = Release|Any CPU
		{8F7D167B-5BEE-461D-90D9-61C1A038759C}.Release|x86.ActiveCfg = Release|Any CPU
		{8F7D167B-5BEE-461D-90D9-61C1A038759C}.Release|x86.Build.0 = Release|Any CPU
		{C7B7F1A1-4A4C-4D4F-8E16-1B1AE6B12C6C}.Debug|Any CPU.ActiveCfg = Debug|Any CPU
		{C7B7F1A1-4A4C-4D4F-8E16-1B1AE6B12C6C}.Debug|Any CPU.Build.0 = Debug|Any CPU
		{C7B7F1A1-4A4C-4D4F-8E16-1B1AE6B12C6C}.Debug|x64.ActiveCfg = Debug|Any CPU
		{C7B7F1A1-4A4C-4D4F-8E16-1B1AE6B12C6C}.Debug|x64.Build.0 = Debug|Any CPU
		{C7B7F1A1-4A4C-4D4F-8E16-1B1AE6B12C6C}.Debug|x86.ActiveCfg = Debug|Any CPU
		{C7B7F1A1-4A4C-4D4F-8E16-1B1AE6B12C6C}.Debug|x86.Build.0 = Debug|Any CPU
		{C7B7F1A1-4A4C-4D4F-8E16-1B1AE6B12C6C}.Release|Any CPU.ActiveCfg = Release|Any CPU
		{C7B7F1A1-4A4C-4D4F-8E16-1B1AE6B12C6C}.Release|Any CPU.Build.0 = Release|Any CPU
		{C7B7F1A1-4A4C-4D4F-8E16-1B1AE6B12C6C}.Release|x64.ActiveCfg = Release|Any CPU
		{C7B7F1A1-4A4C-4D4F-8E16-1B1AE6B12C6C}.Release|x64.Build.0 = Release|Any CPU
		{C7B7F1A1-4A4C-4D4F-8E16-1B1AE6B12C6C}.Release|x86.ActiveCfg = Release|Any CPU
		{C7B7F1A1-4A4C-4D4F-8E16-1B1AE6B12C6C}.Release|x86.Build.0 = Release|Any CPU
		{9D1FEC93-D7F1-4FA3-B93B-C3F65E61FB1F}.Debug|Any CPU.ActiveCfg = Debug|Any CPU
		{9D1FEC93-D7F1-4FA3-B93B-C3F65E61FB1F}.Debug|Any CPU.Build.0 = Debug|Any CPU
		{9D1FEC93-D7F1-4FA3-B93B-C3F65E61FB1F}.Debug|x64.ActiveCfg = Debug|Any CPU
		{9D1FEC93-D7F1-4FA3-B93B-C3F65E61FB1F}.Debug|x64.Build.0 = Debug|Any CPU
		{9D1FEC93-D7F1-4FA3-B93B-C3F65E61FB1F}.Debug|x86.ActiveCfg = Debug|Any CPU
		{9D1FEC93-D7F1-4FA3-B93B-C3F65E61FB1F}.Debug|x86.Build.0 = Debug|Any CPU
		{9D1FEC93-D7F1-4FA3-B93B-C3F65E61FB1F}.Release|Any CPU.ActiveCfg = Release|Any CPU
		{9D1FEC93-D7F1-4FA3-B93B-C3F65E61FB1F}.Release|Any CPU.Build.0 = Release|Any CPU
		{9D1FEC93-D7F1-4FA3-B93B-C3F65E61FB1F}.Release|x64.ActiveCfg = Release|Any CPU
		{9D1FEC93-D7F1-4FA3-B93B-C3F65E61FB1F}.Release|x64.Build.0 = Release|Any CPU
		{9D1FEC93-D7F1-4FA3-B93B-C3F65E61FB1F}.Release|x86.ActiveCfg = Release|Any CPU
		{9D1FEC93-D7F1-4FA3-B93B-C3F65E61FB1F}.Release|x86.Build.0 = Release|Any CPU
	EndGlobalSection
	GlobalSection(SolutionProperties) = preSolution
		HideSolutionNode = FALSE
	EndGlobalSection
EndGlobal
